
Microsoft Visual Studio Solution File, Format Version 12.00
# Visual Studio 15
VisualStudioVersion = 15.0.26403.7
MinimumVisualStudioVersion = 10.0.40219.1
Project("{FAE04EC0-301F-11D3-BF4B-00C04F79EFBC}") = "WebAPIDemo", "WebAPIDemo\WebAPIDemo.csproj", "{E124E796-415E-462D-8730-9B3247F347D8}"
EndProject
Project("{FAE04EC0-301F-11D3-BF4B-00C04F79EFBC}") = "EmployeeDataAccess", "EmployeeDataAccess\EmployeeDataAccess.csproj", "{C44EE04C-BEC1-42B1-B8AE-4E76CC463D00}"
EndProject
Global
	GlobalSection(SolutionConfigurationPlatforms) = preSolution
		Debug|Any CPU = Debug|Any CPU
		Release|Any CPU = Release|Any CPU
	EndGlobalSection
	GlobalSection(ProjectConfigurationPlatforms) = postSolution
		{E124E796-415E-462D-8730-9B3247F347D8}.Debug|Any CPU.ActiveCfg = Debug|Any CPU
		{E124E796-415E-462D-8730-9B3247F347D8}.Debug|Any CPU.Build.0 = Debug|Any CPU
		{E124E796-415E-462D-8730-9B3247F347D8}.Release|Any CPU.ActiveCfg = Release|Any CPU
		{E124E796-415E-462D-8730-9B3247F347D8}.Release|Any CPU.Build.0 = Release|Any CPU
		{C44EE04C-BEC1-42B1-B8AE-4E76CC463D00}.Debug|Any CPU.ActiveCfg = Debug|Any CPU
		{C44EE04C-BEC1-42B1-B8AE-4E76CC463D00}.Debug|Any CPU.Build.0 = Debug|Any CPU
		{C44EE04C-BEC1-42B1-B8AE-4E76CC463D00}.Release|Any CPU.ActiveCfg = Release|Any CPU
		{C44EE04C-BEC1-42B1-B8AE-4E76CC463D00}.Release|Any CPU.Build.0 = Release|Any CPU
	EndGlobalSection
	GlobalSection(SolutionProperties) = preSolution
		HideSolutionNode = FALSE
	EndGlobalSection
EndGlobal
